
Microsoft Visual Studio Solution File, Format Version 12.00
# Visual Studio Version 16
VisualStudioVersion = 16.0.31321.278
MinimumVisualStudioVersion = 10.0.40219.1
Project("{FAE04EC0-301F-11D3-BF4B-00C04F79EFBC}") = "ADDC.Integration.Common.CRM.Schemas", "ADDC.Integration.Common.CRM.Schemas\ADDC.Integration.Common.CRM.Schemas.btproj", "{882475A6-914B-4CA9-821A-15B18C37D8B2}"
EndProject
Project("{2150E333-8FDC-42A3-9474-1A3956D46DE8}") = "Helpers", "Helpers", "{60465DEF-A359-4421-B4DE-11F7C5F8970A}"
EndProject
Project("{FAE04EC0-301F-11D3-BF4B-00C04F79EFBC}") = "ADDC.Integration.Common.Helper.Utilities", "Helpers\ADDC.Integration.Common.Helper.Utilities\ADDC.Integration.Common.Helper.Utilities.csproj", "{EE9D12A5-833E-4598-8897-08062CD42B05}"
EndProject
Global
	GlobalSection(SolutionConfigurationPlatforms) = preSolution
		Debug|Any CPU = Debug|Any CPU
		Release|Any CPU = Release|Any CPU
	EndGlobalSection
	GlobalSection(ProjectConfigurationPlatforms) = postSolution
		{882475A6-914B-4CA9-821A-15B18C37D8B2}.Debug|Any CPU.ActiveCfg = Debug|Any CPU
		{882475A6-914B-4CA9-821A-15B18C37D8B2}.Debug|Any CPU.Build.0 = Debug|Any CPU
		{882475A6-914B-4CA9-821A-15B18C37D8B2}.Debug|Any CPU.Deploy.0 = Debug|Any CPU
		{882475A6-914B-4CA9-821A-15B18C37D8B2}.Release|Any CPU.ActiveCfg = Release|Any CPU
		{882475A6-914B-4CA9-821A-15B18C37D8B2}.Release|Any CPU.Build.0 = Release|Any CPU
		{882475A6-914B-4CA9-821A-15B18C37D8B2}.Release|Any CPU.Deploy.0 = Release|Any CPU
		{EE9D12A5-833E-4598-8897-08062CD42B05}.Debug|Any CPU.ActiveCfg = Debug|Any CPU
		{EE9D12A5-833E-4598-8897-08062CD42B05}.Debug|Any CPU.Build.0 = Debug|Any CPU
		{EE9D12A5-833E-4598-8897-08062CD42B05}.Release|Any CPU.ActiveCfg = Release|Any CPU
		{EE9D12A5-833E-4598-8897-08062CD42B05}.Release|Any CPU.Build.0 = Release|Any CPU
	EndGlobalSection
	GlobalSection(SolutionProperties) = preSolution
		HideSolutionNode = FALSE
	EndGlobalSection
	GlobalSection(NestedProjects) = preSolution
		{EE9D12A5-833E-4598-8897-08062CD42B05} = {60465DEF-A359-4421-B4DE-11F7C5F8970A}
	EndGlobalSection
	GlobalSection(ExtensibilityGlobals) = postSolution
		SolutionGuid = {A9143EAF-E075-4538-B10E-A76E974BBD5F}
	EndGlobalSection
EndGlobal
